PODS:
  - ActionSheetPicker-3.0 (2.3.0)
  - Alamofire (4.7.2)
  - BEMCheckBox (1.4.1)
  - Bolts (1.9.0):
    - Bolts/AppLinks (= 1.9.0)
    - Bolts/Tasks (= 1.9.0)
  - Bolts/AppLinks (1.9.0):
    - Bolts/Tasks
  - Bolts/Tasks (1.9.0)
  - BoringSSL (10.0.5):
    - BoringSSL/Implementation (= 10.0.5)
    - BoringSSL/Interface (= 10.0.5)
  - BoringSSL/Implementation (10.0.5):
    - BoringSSL/Interface (= 10.0.5)
  - BoringSSL/Interface (10.0.5)
  - ChameleonFramework/Default (2.1.0)
  - ChameleonFramework/Swift (2.1.0):
    - ChameleonFramework/Default
  - DatePickerDialog (2.0)
  - DynamicColor (4.0.2)
  - FBSDKCoreKit (4.34.0):
    - Bolts (~> 1.7)
  - FBSDKLoginKit (4.34.0):
    - FBSDKCoreKit
  - FBSDKShareKit (4.34.0):
    - FBSDKCoreKit (~> 4.34.0)
  - Firebase (5.3.0):
    - Firebase/Core (= 5.3.0)
  - Firebase/Auth (5.3.0):
    - Firebase/CoreOnly
    - FirebaseAuth (= 5.0.1)
  - Firebase/Core (5.3.0):
    - Firebase/CoreOnly
    - FirebaseAnalytics (= 5.0.1)
  - Firebase/CoreOnly (5.3.0):
    - FirebaseCore (= 5.0.4)
  - Firebase/Database (5.3.0):
    - Firebase/CoreOnly
    - FirebaseDatabase (= 5.0.1)
  - Firebase/Firestore (5.3.0):
    - Firebase/CoreOnly
    - FirebaseFirestore (= 0.12.4)
  - Firebase/Storage (5.3.0):
    - Firebase/CoreOnly
    - FirebaseStorage (= 3.0.0)
  - FirebaseAnalytics (5.0.1):
    - FirebaseCore (~> 5.0)
    - FirebaseInstanceID (~> 3.0)
    - GoogleToolboxForMac/NSData+zlib (~> 2.1)
    - nanopb (~> 0.3)
  - FirebaseAuth (5.0.1):
    - FirebaseCore (~> 5.0)
    - GTMSessionFetcher/Core (~> 1.1)
  - FirebaseCore (5.0.4):
    - GoogleToolboxForMac/NSData+zlib (~> 2.1)
  - FirebaseDatabase (5.0.1):
    - FirebaseCore (~> 5.0)
    - leveldb-library (~> 1.18)
  - FirebaseFirestore (0.12.4):
    - FirebaseCore (~> 5.0)
    - FirebaseFirestore/abseil-cpp (= 0.12.4)
    - gRPC-ProtoRPC (~> 1.0)
    - leveldb-library (~> 1.18)
    - Protobuf (~> 3.1)
  - FirebaseFirestore/abseil-cpp (0.12.4):
    - FirebaseCore (~> 5.0)
    - gRPC-ProtoRPC (~> 1.0)
    - leveldb-library (~> 1.18)
    - Protobuf (~> 3.1)
  - FirebaseInstanceID (3.1.1):
    - FirebaseCore (~> 5.0)
  - FirebaseStorage (3.0.0):
    - FirebaseCore (~> 5.0)
    - GTMSessionFetcher/Core (~> 1.1)
  - FontAwesome.swift (1.3.2)
  - FontAwesomeKit (2.2.1):
    - FontAwesomeKit/Core (= 2.2.1)
    - FontAwesomeKit/FontAwesome (= 2.2.1)
    - FontAwesomeKit/FoundationIcons (= 2.2.1)
    - FontAwesomeKit/IonIcons (= 2.2.1)
    - FontAwesomeKit/Material (= 2.2.1)
    - FontAwesomeKit/Octicons (= 2.2.1)
    - FontAwesomeKit/Zocial (= 2.2.1)
  - FontAwesomeKit/Core (2.2.1)
  - FontAwesomeKit/FontAwesome (2.2.1):
    - FontAwesomeKit/Core
  - FontAwesomeKit/FoundationIcons (2.2.1):
    - FontAwesomeKit/Core
  - FontAwesomeKit/IonIcons (2.2.1):
    - FontAwesomeKit/Core
  - FontAwesomeKit/Material (2.2.1):
    - FontAwesomeKit/Core
  - FontAwesomeKit/Octicons (2.2.1):
    - FontAwesomeKit/Core
  - FontAwesomeKit/Zocial (2.2.1):
    - FontAwesomeKit/Core
  - GoogleSignIn (4.1.2):
    - GoogleToolboxForMac/NSDictionary+URLArguments (~> 2.1)
    - GoogleToolboxForMac/NSString+URLArguments (~> 2.1)
    - GTMOAuth2 (~> 1.0)
    - GTMSessionFetcher/Core (~> 1.1)
  - GoogleToolboxForMac/DebugUtils (2.1.4):
    - GoogleToolboxForMac/Defines (= 2.1.4)
  - GoogleToolboxForMac/Defines (2.1.4)
  - GoogleToolboxForMac/NSData+zlib (2.1.4):
    - GoogleToolboxForMac/Defines (= 2.1.4)
  - GoogleToolboxForMac/NSDictionary+URLArguments (2.1.4):
    - GoogleToolboxForMac/DebugUtils (= 2.1.4)
    - GoogleToolboxForMac/Defines (= 2.1.4)
    - GoogleToolboxForMac/NSString+URLArguments (= 2.1.4)
  - GoogleToolboxForMac/NSString+URLArguments (2.1.4)
  - gRPC (1.12.0):
    - gRPC-RxLibrary (= 1.12.0)
    - gRPC/Main (= 1.12.0)
  - gRPC-Core (1.12.0):
    - gRPC-Core/Implementation (= 1.12.0)
    - gRPC-Core/Interface (= 1.12.0)
  - gRPC-Core/Implementation (1.12.0):
    - BoringSSL (~> 10.0)
    - gRPC-Core/Interface (= 1.12.0)
    - nanopb (~> 0.3)
  - gRPC-Core/Interface (1.12.0)
  - gRPC-ProtoRPC (1.12.0):
    - gRPC (= 1.12.0)
    - gRPC-RxLibrary (= 1.12.0)
    - Protobuf (~> 3.0)
  - gRPC-RxLibrary (1.12.0)
  - gRPC/Main (1.12.0):
    - gRPC-Core (= 1.12.0)
    - gRPC-RxLibrary (= 1.12.0)
  - GTMOAuth2 (1.1.6):
    - GTMSessionFetcher (~> 1.1)
  - GTMSessionFetcher (1.1.15):
    - GTMSessionFetcher/Full (= 1.1.15)
  - GTMSessionFetcher/Core (1.1.15)
  - GTMSessionFetcher/Full (1.1.15):
    - GTMSessionFetcher/Core (= 1.1.15)
  - JASON (3.1)
  - JSSAlertView (3.0.4)
  - Kingfisher (4.8.0)
  - leveldb-library (1.20)
  - M13Checkbox (3.2.2)
  - Material (2.15.0):
    - Material/Core (= 2.15.0)
  - Material/Core (2.15.0):
    - Motion (~> 1.3.0)
  - MaterialTextField (0.2.1)
  - Motion (1.3.5):
    - Motion/Core (= 1.3.5)
  - Motion/Core (1.3.5)
  - nanopb (0.3.8):
    - nanopb/decode (= 0.3.8)
    - nanopb/encode (= 0.3.8)
  - nanopb/decode (0.3.8)
  - nanopb/encode (0.3.8)
  - PMSuperButton (2.1.2)
  - Protobuf (3.6.0)
  - SkyFloatingLabelTextField (3.5.1)
  - UICheckbox.Swift (1.0.0)

DEPENDENCIES:
  - ActionSheetPicker-3.0 (~> 2.3.0)
  - Alamofire (~> 4.5)
  - BEMCheckBox
  - Bolts
  - ChameleonFramework/Swift (from `https://github.com/ViccAlexander/Chameleon.git`)
  - DatePickerDialog
  - DynamicColor (~> 4.0.1)
  - FBSDKCoreKit
  - FBSDKLoginKit
  - FBSDKShareKit
  - Firebase
  - Firebase/Auth
  - Firebase/Core
  - Firebase/Database
  - Firebase/Firestore
  - Firebase/Storage
  - FontAwesome.swift
  - FontAwesomeKit
  - FontAwesomeKit (~> 2.2.0)
  - GoogleSignIn
  - JASON (~> 3.0)
  - JSSAlertView (~> 3.0.4)
  - Kingfisher (~> 4.0)
  - M13Checkbox
  - Material (~> 2.0)
  - MaterialTextField (~> 0.2)
  - PMSuperButton
  - SkyFloatingLabelTextField (~> 3.0)
  - UICheckbox.Swift

EXTERNAL SOURCES:
  ChameleonFramework:
    :git: https://github.com/ViccAlexander/Chameleon.git

CHECKOUT OPTIONS:
  ChameleonFramework:
    :commit: 6dd284bde21ea2e7f9fd89bc36f40df16e16369d
    :git: https://github.com/ViccAlexander/Chameleon.git

SPEC CHECKSUMS:
  ActionSheetPicker-3.0: eef157d75e151f255c5333d26656c7fbfe905a51
  Alamofire: e4fa87002c137ba2d8d634d2c51fabcda0d5c223
  BEMCheckBox: 5ba6e37ade3d3657b36caecc35c8b75c6c2b1a4e
  Bolts: ac6567323eac61e203f6a9763667d0f711be34c8
  BoringSSL: cf3f1793eb6e3c445c4d150456341f149c268a35
  ChameleonFramework: d21a3cc247abfe5e37609a283a8238b03575cf64
  DatePickerDialog: 5e1c24d9fe6506cd45dbc573eed7b0a251b1c09d
  DynamicColor: c7adcfe871781a2b39877a5774e452ba51b79eb3
  FBSDKCoreKit: 0ff57f093b85c8c9d5aba697d3edf68a8960ce78
  FBSDKLoginKit: 8c78f57a145afb756e4755e69195ebe08a42466e
  FBSDKShareKit: 511d1dfc71204c0a8d69e6c5e3c964dcf0d4f3d9
  Firebase: 68afeeb05461db02d7c9e3215cda28068670f4aa
  FirebaseAnalytics: b3628aea54c50464c32c393fb2ea032566e7ecc2
  FirebaseAuth: 463b8ce33bd5d05f706dcd4615499e3212b4132b
  FirebaseCore: 62f1b792a49bb9e8b4073f24606d2c93ffc352f0
  FirebaseDatabase: 482bad9c2abd422bb2321194fb8c937e67426a89
  FirebaseFirestore: 53f6fe858494c39dbfd5237655e0641152a88c89
  FirebaseInstanceID: f3f0657372592ecdfdfe2cac604a5a75758376a6
  FirebaseStorage: 7ca4bb7b58a25fa647b04f524033fc7cb7eb272b
  FontAwesome.swift: b4e4c8ccbbecb12f9b592bc533ff237af3706667
  FontAwesomeKit: 3614979b3dbb0ec3f7fac1bd760b91f66c31db67
  GoogleSignIn: d9ef55b10f0aa401a5de2747f59b725e4b9732ac
  GoogleToolboxForMac: 91c824d21e85b31c2aae9bb011c5027c9b4e738f
  gRPC: 9362451032695e2dfb7bafcd3740e3a27939e4ff
  gRPC-Core: 9696b220565b283e021cf2722d473a4a74b7622a
  gRPC-ProtoRPC: a1bd56fb1991a8dae4581250d7259eddabb66779
  gRPC-RxLibrary: 1ed5314e8b38cd6e55c9bfa048387136ae925ce9
  GTMOAuth2: c77fe325e4acd453837e72d91e3b5f13116857b2
  GTMSessionFetcher: 5fa5b80fd20e439ef5f545fb2cb3ca6c6714caa2
  JASON: c1204b01c9979eef35b6948ca939aac5e7bef081
  JSSAlertView: 7d8345c88e6fd8b515bc49f0fc8d8c69f6776b9c
  Kingfisher: 976d828df2b24834c6a3f2fc4d82cdbd26552be1
  leveldb-library: 08cba283675b7ed2d99629a4bc5fd052cd2bb6a5
  M13Checkbox: a8c2491cfbbca10797925fd0b9154a782bf40d89
  Material: 00e32bb5e61b3f749044897b2d93acd8bf33faa4
  MaterialTextField: f876a39d571eeece872af6a4da421e3bd065fe0b
  Motion: 9f74d115d7f72bb5380a8e3cde2f8a1fc898ac36
  nanopb: 5601e6bca2dbf1ed831b519092ec110f66982ca3
  PMSuperButton: 968f45a9a157499fcdd195ee54613a4cce980bdb
  Protobuf: 0fc0ad8bec688b2a3017a139953e01374fedbd5f
  SkyFloatingLabelTextField: 4cbeece9c3aae97c6019d8fae511cb5b755874f7
  UICheckbox.Swift: 85715689206fac5bae38b308f19c2a3e00442c3b

PODFILE CHECKSUM: 271708bcd0cf11bb809af7fe7165801e23d296cf

COCOAPODS: 1.4.0
